
Microsoft Visual Studio Solution File, Format Version 12.00
# Visual Studio 15
Project("{FAE04EC0-301F-11D3-BF4B-00C04F79EFBC}") = "Assembly-CSharp", "Assembly-CSharp.csproj", "{8C03ED98-9BF9-C293-E47F-B82910985A21}"
EndProject
Project("{FAE04EC0-301F-11D3-BF4B-00C04F79EFBC}") = "CFXRRuntime", "CFXRRuntime.csproj", "{5DF749C1-4646-F497-256D-EF75BAF628CF}"
EndProject
Project("{FAE04EC0-301F-11D3-BF4B-00C04F79EFBC}") = "ToonyColorsPro.Demo.Editor", "ToonyColorsPro.Demo.Editor.csproj", "{E08D81A3-52D0-561B-93B3-23B6B70E7780}"
EndProject
Project("{FAE04EC0-301F-11D3-BF4B-00C04F79EFBC}") = "CFXREditor", "CFXREditor.csproj", "{914F9AA5-DA48-EE5A-B56F-88BEBEF239C4}"
EndProject
Project("{FAE04EC0-301F-11D3-BF4B-00C04F79EFBC}") = "CFXR.WelcomeScreen", "CFXR.WelcomeScreen.csproj", "{1C545F83-0E69-3749-CAAC-7B60E0F05C65}"
EndProject
Project("{FAE04EC0-301F-11D3-BF4B-00C04F79EFBC}") = "CFXRDemo", "CFXRDemo.csproj", "{FE1C7350-95C4-71D9-F625-F40B268BB957}"
EndProject
Project("{FAE04EC0-301F-11D3-BF4B-00C04F79EFBC}") = "KinoBloom.Runtime", "KinoBloom.Runtime.csproj", "{1F88901F-C4E4-2E42-FC57-24BA80BD4F64}"
EndProject
Global
	GlobalSection(SolutionConfigurationPlatforms) = preSolution
		Debug|Any CPU = Debug|Any CPU
		Release|Any CPU = Release|Any CPU
	EndGlobalSection
	GlobalSection(ProjectConfigurationPlatforms) = postSolution
		{8C03ED98-9BF9-C293-E47F-B82910985A21}.Debug|Any CPU.ActiveCfg = Debug|Any CPU
		{8C03ED98-9BF9-C293-E47F-B82910985A21}.Debug|Any CPU.Build.0 = Debug|Any CPU
		{8C03ED98-9BF9-C293-E47F-B82910985A21}.Release|Any CPU.ActiveCfg = Release|Any CPU
		{8C03ED98-9BF9-C293-E47F-B82910985A21}.Release|Any CPU.Build.0 = Release|Any CPU
		{5DF749C1-4646-F497-256D-EF75BAF628CF}.Debug|Any CPU.ActiveCfg = Debug|Any CPU
		{5DF749C1-4646-F497-256D-EF75BAF628CF}.Debug|Any CPU.Build.0 = Debug|Any CPU
		{5DF749C1-4646-F497-256D-EF75BAF628CF}.Release|Any CPU.ActiveCfg = Release|Any CPU
		{5DF749C1-4646-F497-256D-EF75BAF628CF}.Release|Any CPU.Build.0 = Release|Any CPU
		{E08D81A3-52D0-561B-93B3-23B6B70E7780}.Debug|Any CPU.ActiveCfg = Debug|Any CPU
		{E08D81A3-52D0-561B-93B3-23B6B70E7780}.Debug|Any CPU.Build.0 = Debug|Any CPU
		{E08D81A3-52D0-561B-93B3-23B6B70E7780}.Release|Any CPU.ActiveCfg = Release|Any CPU
		{E08D81A3-52D0-561B-93B3-23B6B70E7780}.Release|Any CPU.Build.0 = Release|Any CPU
		{914F9AA5-DA48-EE5A-B56F-88BEBEF239C4}.Debug|Any CPU.ActiveCfg = Debug|Any CPU
		{914F9AA5-DA48-EE5A-B56F-88BEBEF239C4}.Debug|Any CPU.Build.0 = Debug|Any CPU
		{914F9AA5-DA48-EE5A-B56F-88BEBEF239C4}.Release|Any CPU.ActiveCfg = Release|Any CPU
		{914F9AA5-DA48-EE5A-B56F-88BEBEF239C4}.Release|Any CPU.Build.0 = Release|Any CPU
		{1C545F83-0E69-3749-CAAC-7B60E0F05C65}.Debug|Any CPU.ActiveCfg = Debug|Any CPU
		{1C545F83-0E69-3749-CAAC-7B60E0F05C65}.Debug|Any CPU.Build.0 = Debug|Any CPU
		{1C545F83-0E69-3749-CAAC-7B60E0F05C65}.Release|Any CPU.ActiveCfg = Release|Any CPU
		{1C545F83-0E69-3749-CAAC-7B60E0F05C65}.Release|Any CPU.Build.0 = Release|Any CPU
		{FE1C7350-95C4-71D9-F625-F40B268BB957}.Debug|Any CPU.ActiveCfg = Debug|Any CPU
		{FE1C7350-95C4-71D9-F625-F40B268BB957}.Debug|Any CPU.Build.0 = Debug|Any CPU
		{FE1C7350-95C4-71D9-F625-F40B268BB957}.Release|Any CPU.ActiveCfg = Release|Any CPU
		{FE1C7350-95C4-71D9-F625-F40B268BB957}.Release|Any CPU.Build.0 = Release|Any CPU
		{1F88901F-C4E4-2E42-FC57-24BA80BD4F64}.Debug|Any CPU.ActiveCfg = Debug|Any CPU
		{1F88901F-C4E4-2E42-FC57-24BA80BD4F64}.Debug|Any CPU.Build.0 = Debug|Any CPU
		{1F88901F-C4E4-2E42-FC57-24BA80BD4F64}.Release|Any CPU.ActiveCfg = Release|Any CPU
		{1F88901F-C4E4-2E42-FC57-24BA80BD4F64}.Release|Any CPU.Build.0 = Release|Any CPU
	EndGlobalSection
	GlobalSection(SolutionProperties) = preSolution
		HideSolutionNode = FALSE
	EndGlobalSection
EndGlobal
