
Microsoft Visual Studio Solution File, Format Version 12.00
# Visual Studio 15
Project("{FAE04EC0-301F-11D3-BF4B-00C04F79EFBC}") = "Assembly-CSharp", "Assembly-CSharp.csproj", "{8C03ED98-9BF9-C293-E47F-B82910985A21}"
EndProject
Global
	GlobalSection(SolutionConfigurationPlatforms) = preSolution
		Debug|Any CPU = Debug|Any CPU
		Release|Any CPU = Release|Any CPU
	EndGlobalSection
	GlobalSection(ProjectConfigurationPlatforms) = postSolution
		{8C03ED98-9BF9-C293-E47F-B82910985A21}.Debug|Any CPU.ActiveCfg = Debug|Any CPU
		{8C03ED98-9BF9-C293-E47F-B82910985A21}.Debug|Any CPU.Build.0 = Debug|Any CPU
		{8C03ED98-9BF9-C293-E47F-B82910985A21}.Release|Any CPU.ActiveCfg = Release|Any CPU
		{8C03ED98-9BF9-C293-E47F-B82910985A21}.Release|Any CPU.Build.0 = Release|Any CPU
	EndGlobalSection
	GlobalSection(SolutionProperties) = preSolution
		HideSolutionNode = FALSE
	EndGlobalSection
EndGlobal
